
Microsoft Visual Studio Solution File, Format Version 12.00
# Visual Studio Version 17
VisualStudioVersion = 17.3.32901.215
MinimumVisualStudioVersion = 10.0.40219.1
Project("{8BC9CEB8-8B4A-11D0-8D11-00A0C91BC942}") = "Prog1_Moo", "Prog1_helloWorld\Prog1_helloWorld.vcxproj", "{74CFCBF1-C9C7-4361-9257-949C43D0A9EC}"
EndProject
Project("{8BC9CEB8-8B4A-11D0-8D11-00A0C91BC942}") = "Prog2_dataTypeSize", "Prog2_dataTypeSize\Prog2_dataTypeSize.vcxproj", "{A13D0086-11FE-4E36-8B60-230539E4976B}"
EndProject
Project("{8BC9CEB8-8B4A-11D0-8D11-00A0C91BC942}") = "Prog3_definingVariables", "Prog3_definingVariables\Prog3_definingVariables.vcxproj", "{00399694-8A35-4556-9FCA-F8D600848EA2}"
EndProject
Project("{8BC9CEB8-8B4A-11D0-8D11-00A0C91BC942}") = "Prog4_userDefinedVars", "Prog4_userDefinedVars\Prog4_userDefinedVars.vcxproj", "{59B42130-DB2D-4881-82F1-2F579EB3B1E8}"
EndProject
Project("{8BC9CEB8-8B4A-11D0-8D11-00A0C91BC942}") = "Prog5_incrementDecrement", "Prog5_incrementDecrement\Prog5_incrementDecrement.vcxproj", "{C3D81168-0CD3-42EF-8D9E-DD396D602620}"
EndProject
Project("{8BC9CEB8-8B4A-11D0-8D11-00A0C91BC942}") = "Prog6_area", "Prog6_area\Prog6_area.vcxproj", "{197D299F-623D-4AB8-BF15-8D38932939B2}"
EndProject
Project("{8BC9CEB8-8B4A-11D0-8D11-00A0C91BC942}") = "Prog7_converting", "Prog7_converting\Prog7_converting.vcxproj", "{11E0D317-934C-4384-B4BB-5C20A86D1F3C}"
EndProject
Project("{8BC9CEB8-8B4A-11D0-8D11-00A0C91BC942}") = "Prog8_pi", "Prog8_pi\Prog8_pi.vcxproj", "{911C261E-A939-4DAA-AC37-32F39AD8B866}"
EndProject
Project("{8BC9CEB8-8B4A-11D0-8D11-00A0C91BC942}") = "Prog9_ShareOfSavings", "Prog9_ShareOfSavings\Prog9_ShareOfSavings.vcxproj", "{CD0C1D19-DC44-4123-BD68-FCF53BC60E0D}"
EndProject
Project("{8BC9CEB8-8B4A-11D0-8D11-00A0C91BC942}") = "Prog10_ShareOfHaribo", "Prog10_ShareOfHaribo\Prog10_ShareOfHaribo.vcxproj", "{FEA1B8BC-BF2D-4CBE-B6CB-5AF26EE705EB}"
EndProject
Project("{8BC9CEB8-8B4A-11D0-8D11-00A0C91BC942}") = "Prog11_DoomDifficultyMenu", "Prog11_DoomDifficultyMenu\Prog11_DoomDifficultyMenu.vcxproj", "{05957B04-07D9-4E3A-8417-FC58539DD963}"
EndProject
Project("{8BC9CEB8-8B4A-11D0-8D11-00A0C91BC942}") = "Prog12_ifThisThenThat", "Prog12_ifThisThenThat\Prog12_ifThisThenThat.vcxproj", "{A2944382-3810-45A0-89EA-21704BB35708}"
EndProject
Project("{8BC9CEB8-8B4A-11D0-8D11-00A0C91BC942}") = "Prog13_Discount", "Prog13_Discount\Prog13_Discount.vcxproj", "{094BA4E7-07B1-436B-BA66-7B3D5E02BD4D}"
EndProject
Project("{8BC9CEB8-8B4A-11D0-8D11-00A0C91BC942}") = "Prog14_10Numbers", "Prog14_10Numbers\Prog14_10Numbers.vcxproj", "{E3371D4B-BDB1-4B67-99F1-D42592FBBDDF}"
EndProject
Project("{8BC9CEB8-8B4A-11D0-8D11-00A0C91BC942}") = "Prog15_StarryOutput", "Prog15_StarryOutput\Prog15_StarryOutput.vcxproj", "{5918ACB3-628D-43DE-9717-7F274A7FC8A3}"
EndProject
Project("{8BC9CEB8-8B4A-11D0-8D11-00A0C91BC942}") = "Prog16_EarlyExit", "Prog16_EarlyExit\Prog16_EarlyExit.vcxproj", "{1A3D8F8A-FCBB-4876-ACF5-972522B4B7D9}"
EndProject
Project("{8BC9CEB8-8B4A-11D0-8D11-00A0C91BC942}") = "Prog17_localVariablesAndCopies", "Prog17_localVariablesAndCopies\Prog17_localVariablesAndCopies.vcxproj", "{21552BCE-A2D3-43EB-8D9D-0913B3B6DEFF}"
EndProject
Project("{8BC9CEB8-8B4A-11D0-8D11-00A0C91BC942}") = "Prog18_smallestNumber", "Prog18_smallestNumber\Prog18_smallestNumber.vcxproj", "{B6544803-2F87-497E-8B1F-F035E4FF55F9}"
EndProject
Project("{8BC9CEB8-8B4A-11D0-8D11-00A0C91BC942}") = "Prog19_oddsAndEvens", "Prog19_oddsAndEvens\Prog19_oddsAndEvens.vcxproj", "{90103216-8BBC-4013-A2DA-0F32EB472153}"
EndProject
Project("{8BC9CEB8-8B4A-11D0-8D11-00A0C91BC942}") = "Prog20_simpleTextBattle", "Prog20_simpleTextBattle\Prog20_simpleTextBattle.vcxproj", "{60FAFBF1-575E-4A43-B113-4BDBAC5AF8E7}"
EndProject
Project("{8BC9CEB8-8B4A-11D0-8D11-00A0C91BC942}") = "Prog21_smallestNumberArr", "Prog21_smallestNumberArr\Prog21_smallestNumberArr.vcxproj", "{1F1C45C3-177A-487F-9344-7183927AFC6E}"
EndProject
Project("{8BC9CEB8-8B4A-11D0-8D11-00A0C91BC942}") = "Prog22_orderedOutput", "Prog22_orderedOutput\Prog22_orderedOutput.vcxproj", "{B75C4B73-D91D-4FA6-AC27-F5888076ACF5}"
EndProject
Project("{8BC9CEB8-8B4A-11D0-8D11-00A0C91BC942}") = "Prog23_Inventory", "Prog23_Inventory\Prog23_Inventory.vcxproj", "{F6CAA056-C9DB-4B6E-9AE9-5F760FAC8FAA}"
EndProject
Project("{8BC9CEB8-8B4A-11D0-8D11-00A0C91BC942}") = "Prog25_initials", "Prog25_initials\Prog25_initials.vcxproj", "{7B71BD00-2C48-415A-AC1A-56FB7C6A08B7}"
EndProject
Project("{8BC9CEB8-8B4A-11D0-8D11-00A0C91BC942}") = "Prog26_replacingCharacters", "Prog26_replacingCharacters\Prog26_replacingCharacters.vcxproj", "{91863AAB-6330-4A39-9EDD-F86F17CD7A3B}"
EndProject
Project("{8BC9CEB8-8B4A-11D0-8D11-00A0C91BC942}") = "Prog27_stringManipulation", "Prog27_stringManipulation\Prog27_stringManipulation.vcxproj", "{BABFA531-8AE9-45FB-897C-3C9F82AE2A4B}"
EndProject
Project("{8BC9CEB8-8B4A-11D0-8D11-00A0C91BC942}") = "Prog31_unexpectedCode", "Prog31_unexpectedCode\Prog31_unexpectedCode.vcxproj", "{45F90F64-A566-406C-BB20-C5E6464C50E5}"
EndProject
Project("{8BC9CEB8-8B4A-11D0-8D11-00A0C91BC942}") = "Prog36_theChangingPointer", "Prog36_theChangingPointer\Prog36_theChangingPointer.vcxproj", "{1350BBC2-8B87-4A38-8125-CAA3F1C3043B}"
EndProject
Global
	GlobalSection(SolutionConfigurationPlatforms) = preSolution
		Debug|x64 = Debug|x64
		Debug|x86 = Debug|x86
		Release|x64 = Release|x64
		Release|x86 = Release|x86
	EndGlobalSection
	GlobalSection(ProjectConfigurationPlatforms) = postSolution
		{74CFCBF1-C9C7-4361-9257-949C43D0A9EC}.Debug|x64.ActiveCfg = Debug|x64
		{74CFCBF1-C9C7-4361-9257-949C43D0A9EC}.Debug|x64.Build.0 = Debug|x64
		{74CFCBF1-C9C7-4361-9257-949C43D0A9EC}.Debug|x86.ActiveCfg = Debug|Win32
		{74CFCBF1-C9C7-4361-9257-949C43D0A9EC}.Debug|x86.Build.0 = Debug|Win32
		{74CFCBF1-C9C7-4361-9257-949C43D0A9EC}.Release|x64.ActiveCfg = Release|x64
		{74CFCBF1-C9C7-4361-9257-949C43D0A9EC}.Release|x64.Build.0 = Release|x64
		{74CFCBF1-C9C7-4361-9257-949C43D0A9EC}.Release|x86.ActiveCfg = Release|Win32
		{74CFCBF1-C9C7-4361-9257-949C43D0A9EC}.Release|x86.Build.0 = Release|Win32
		{A13D0086-11FE-4E36-8B60-230539E4976B}.Debug|x64.ActiveCfg = Debug|x64
		{A13D0086-11FE-4E36-8B60-230539E4976B}.Debug|x64.Build.0 = Debug|x64
		{A13D0086-11FE-4E36-8B60-230539E4976B}.Debug|x86.ActiveCfg = Debug|Win32
		{A13D0086-11FE-4E36-8B60-230539E4976B}.Debug|x86.Build.0 = Debug|Win32
		{A13D0086-11FE-4E36-8B60-230539E4976B}.Release|x64.ActiveCfg = Release|x64
		{A13D0086-11FE-4E36-8B60-230539E4976B}.Release|x64.Build.0 = Release|x64
		{A13D0086-11FE-4E36-8B60-230539E4976B}.Release|x86.ActiveCfg = Release|Win32
		{A13D0086-11FE-4E36-8B60-230539E4976B}.Release|x86.Build.0 = Release|Win32
		{00399694-8A35-4556-9FCA-F8D600848EA2}.Debug|x64.ActiveCfg = Debug|x64
		{00399694-8A35-4556-9FCA-F8D600848EA2}.Debug|x64.Build.0 = Debug|x64
		{00399694-8A35-4556-9FCA-F8D600848EA2}.Debug|x86.ActiveCfg = Debug|Win32
		{00399694-8A35-4556-9FCA-F8D600848EA2}.Debug|x86.Build.0 = Debug|Win32
		{00399694-8A35-4556-9FCA-F8D600848EA2}.Release|x64.ActiveCfg = Release|x64
		{00399694-8A35-4556-9FCA-F8D600848EA2}.Release|x64.Build.0 = Release|x64
		{00399694-8A35-4556-9FCA-F8D600848EA2}.Release|x86.ActiveCfg = Release|Win32
		{00399694-8A35-4556-9FCA-F8D600848EA2}.Release|x86.Build.0 = Release|Win32
		{59B42130-DB2D-4881-82F1-2F579EB3B1E8}.Debug|x64.ActiveCfg = Debug|x64
		{59B42130-DB2D-4881-82F1-2F579EB3B1E8}.Debug|x64.Build.0 = Debug|x64
		{59B42130-DB2D-4881-82F1-2F579EB3B1E8}.Debug|x86.ActiveCfg = Debug|Win32
		{59B42130-DB2D-4881-82F1-2F579EB3B1E8}.Debug|x86.Build.0 = Debug|Win32
		{59B42130-DB2D-4881-82F1-2F579EB3B1E8}.Release|x64.ActiveCfg = Release|x64
		{59B42130-DB2D-4881-82F1-2F579EB3B1E8}.Release|x64.Build.0 = Release|x64
		{59B42130-DB2D-4881-82F1-2F579EB3B1E8}.Release|x86.ActiveCfg = Release|Win32
		{59B42130-DB2D-4881-82F1-2F579EB3B1E8}.Release|x86.Build.0 = Release|Win32
		{C3D81168-0CD3-42EF-8D9E-DD396D602620}.Debug|x64.ActiveCfg = Debug|x64
		{C3D81168-0CD3-42EF-8D9E-DD396D602620}.Debug|x64.Build.0 = Debug|x64
		{C3D81168-0CD3-42EF-8D9E-DD396D602620}.Debug|x86.ActiveCfg = Debug|Win32
		{C3D81168-0CD3-42EF-8D9E-DD396D602620}.Debug|x86.Build.0 = Debug|Win32
		{C3D81168-0CD3-42EF-8D9E-DD396D602620}.Release|x64.ActiveCfg = Release|x64
		{C3D81168-0CD3-42EF-8D9E-DD396D602620}.Release|x64.Build.0 = Release|x64
		{C3D81168-0CD3-42EF-8D9E-DD396D602620}.Release|x86.ActiveCfg = Release|Win32
		{C3D81168-0CD3-42EF-8D9E-DD396D602620}.Release|x86.Build.0 = Release|Win32
		{197D299F-623D-4AB8-BF15-8D38932939B2}.Debug|x64.ActiveCfg = Debug|x64
		{197D299F-623D-4AB8-BF15-8D38932939B2}.Debug|x64.Build.0 = Debug|x64
		{197D299F-623D-4AB8-BF15-8D38932939B2}.Debug|x86.ActiveCfg = Debug|Win32
		{197D299F-623D-4AB8-BF15-8D38932939B2}.Debug|x86.Build.0 = Debug|Win32
		{197D299F-623D-4AB8-BF15-8D38932939B2}.Release|x64.ActiveCfg = Release|x64
		{197D299F-623D-4AB8-BF15-8D38932939B2}.Release|x64.Build.0 = Release|x64
		{197D299F-623D-4AB8-BF15-8D38932939B2}.Release|x86.ActiveCfg = Release|Win32
		{197D299F-623D-4AB8-BF15-8D38932939B2}.Release|x86.Build.0 = Release|Win32
		{11E0D317-934C-4384-B4BB-5C20A86D1F3C}.Debug|x64.ActiveCfg = Debug|x64
		{11E0D317-934C-4384-B4BB-5C20A86D1F3C}.Debug|x64.Build.0 = Debug|x64
		{11E0D317-934C-4384-B4BB-5C20A86D1F3C}.Debug|x86.ActiveCfg = Debug|Win32
		{11E0D317-934C-4384-B4BB-5C20A86D1F3C}.Debug|x86.Build.0 = Debug|Win32
		{11E0D317-934C-4384-B4BB-5C20A86D1F3C}.Release|x64.ActiveCfg = Release|x64
		{11E0D317-934C-4384-B4BB-5C20A86D1F3C}.Release|x64.Build.0 = Release|x64
		{11E0D317-934C-4384-B4BB-5C20A86D1F3C}.Release|x86.ActiveCfg = Release|Win32
		{11E0D317-934C-4384-B4BB-5C20A86D1F3C}.Release|x86.Build.0 = Release|Win32
		{911C261E-A939-4DAA-AC37-32F39AD8B866}.Debug|x64.ActiveCfg = Debug|x64
		{911C261E-A939-4DAA-AC37-32F39AD8B866}.Debug|x64.Build.0 = Debug|x64
		{911C261E-A939-4DAA-AC37-32F39AD8B866}.Debug|x86.ActiveCfg = Debug|Win32
		{911C261E-A939-4DAA-AC37-32F39AD8B866}.Debug|x86.Build.0 = Debug|Win32
		{911C261E-A939-4DAA-AC37-32F39AD8B866}.Release|x64.ActiveCfg = Release|x64
		{911C261E-A939-4DAA-AC37-32F39AD8B866}.Release|x64.Build.0 = Release|x64
		{911C261E-A939-4DAA-AC37-32F39AD8B866}.Release|x86.ActiveCfg = Release|Win32
		{911C261E-A939-4DAA-AC37-32F39AD8B866}.Release|x86.Build.0 = Release|Win32
		{CD0C1D19-DC44-4123-BD68-FCF53BC60E0D}.Debug|x64.ActiveCfg = Debug|x64
		{CD0C1D19-DC44-4123-BD68-FCF53BC60E0D}.Debug|x64.Build.0 = Debug|x64
		{CD0C1D19-DC44-4123-BD68-FCF53BC60E0D}.Debug|x86.ActiveCfg = Debug|Win32
		{CD0C1D19-DC44-4123-BD68-FCF53BC60E0D}.Debug|x86.Build.0 = Debug|Win32
		{CD0C1D19-DC44-4123-BD68-FCF53BC60E0D}.Release|x64.ActiveCfg = Release|x64
		{CD0C1D19-DC44-4123-BD68-FCF53BC60E0D}.Release|x64.Build.0 = Release|x64
		{CD0C1D19-DC44-4123-BD68-FCF53BC60E0D}.Release|x86.ActiveCfg = Release|Win32
		{CD0C1D19-DC44-4123-BD68-FCF53BC60E0D}.Release|x86.Build.0 = Release|Win32
		{FEA1B8BC-BF2D-4CBE-B6CB-5AF26EE705EB}.Debug|x64.ActiveCfg = Debug|x64
		{FEA1B8BC-BF2D-4CBE-B6CB-5AF26EE705EB}.Debug|x64.Build.0 = Debug|x64
		{FEA1B8BC-BF2D-4CBE-B6CB-5AF26EE705EB}.Debug|x86.ActiveCfg = Debug|Win32
		{FEA1B8BC-BF2D-4CBE-B6CB-5AF26EE705EB}.Debug|x86.Build.0 = Debug|Win32
		{FEA1B8BC-BF2D-4CBE-B6CB-5AF26EE705EB}.Release|x64.ActiveCfg = Release|x64
		{FEA1B8BC-BF2D-4CBE-B6CB-5AF26EE705EB}.Release|x64.Build.0 = Release|x64
		{FEA1B8BC-BF2D-4CBE-B6CB-5AF26EE705EB}.Release|x86.ActiveCfg = Release|Win32
		{FEA1B8BC-BF2D-4CBE-B6CB-5AF26EE705EB}.Release|x86.Build.0 = Release|Win32
		{05957B04-07D9-4E3A-8417-FC58539DD963}.Debug|x64.ActiveCfg = Debug|x64
		{05957B04-07D9-4E3A-8417-FC58539DD963}.Debug|x64.Build.0 = Debug|x64
		{05957B04-07D9-4E3A-8417-FC58539DD963}.Debug|x86.ActiveCfg = Debug|Win32
		{05957B04-07D9-4E3A-8417-FC58539DD963}.Debug|x86.Build.0 = Debug|Win32
		{05957B04-07D9-4E3A-8417-FC58539DD963}.Release|x64.ActiveCfg = Release|x64
		{05957B04-07D9-4E3A-8417-FC58539DD963}.Release|x64.Build.0 = Release|x64
		{05957B04-07D9-4E3A-8417-FC58539DD963}.Release|x86.ActiveCfg = Release|Win32
		{05957B04-07D9-4E3A-8417-FC58539DD963}.Release|x86.Build.0 = Release|Win32
		{A2944382-3810-45A0-89EA-21704BB35708}.Debug|x64.ActiveCfg = Debug|x64
		{A2944382-3810-45A0-89EA-21704BB35708}.Debug|x64.Build.0 = Debug|x64
		{A2944382-3810-45A0-89EA-21704BB35708}.Debug|x86.ActiveCfg = Debug|Win32
		{A2944382-3810-45A0-89EA-21704BB35708}.Debug|x86.Build.0 = Debug|Win32
		{A2944382-3810-45A0-89EA-21704BB35708}.Release|x64.ActiveCfg = Release|x64
		{A2944382-3810-45A0-89EA-21704BB35708}.Release|x64.Build.0 = Release|x64
		{A2944382-3810-45A0-89EA-21704BB35708}.Release|x86.ActiveCfg = Release|Win32
		{A2944382-3810-45A0-89EA-21704BB35708}.Release|x86.Build.0 = Release|Win32
		{094BA4E7-07B1-436B-BA66-7B3D5E02BD4D}.Debug|x64.ActiveCfg = Debug|x64
		{094BA4E7-07B1-436B-BA66-7B3D5E02BD4D}.Debug|x64.Build.0 = Debug|x64
		{094BA4E7-07B1-436B-BA66-7B3D5E02BD4D}.Debug|x86.ActiveCfg = Debug|Win32
		{094BA4E7-07B1-436B-BA66-7B3D5E02BD4D}.Debug|x86.Build.0 = Debug|Win32
		{094BA4E7-07B1-436B-BA66-7B3D5E02BD4D}.Release|x64.ActiveCfg = Release|x64
		{094BA4E7-07B1-436B-BA66-7B3D5E02BD4D}.Release|x64.Build.0 = Release|x64
		{094BA4E7-07B1-436B-BA66-7B3D5E02BD4D}.Release|x86.ActiveCfg = Release|Win32
		{094BA4E7-07B1-436B-BA66-7B3D5E02BD4D}.Release|x86.Build.0 = Release|Win32
		{E3371D4B-BDB1-4B67-99F1-D42592FBBDDF}.Debug|x64.ActiveCfg = Debug|x64
		{E3371D4B-BDB1-4B67-99F1-D42592FBBDDF}.Debug|x64.Build.0 = Debug|x64
		{E3371D4B-BDB1-4B67-99F1-D42592FBBDDF}.Debug|x86.ActiveCfg = Debug|Win32
		{E3371D4B-BDB1-4B67-99F1-D42592FBBDDF}.Debug|x86.Build.0 = Debug|Win32
		{E3371D4B-BDB1-4B67-99F1-D42592FBBDDF}.Release|x64.ActiveCfg = Release|x64
		{E3371D4B-BDB1-4B67-99F1-D42592FBBDDF}.Release|x64.Build.0 = Release|x64
		{E3371D4B-BDB1-4B67-99F1-D42592FBBDDF}.Release|x86.ActiveCfg = Release|Win32
		{E3371D4B-BDB1-4B67-99F1-D42592FBBDDF}.Release|x86.Build.0 = Release|Win32
		{5918ACB3-628D-43DE-9717-7F274A7FC8A3}.Debug|x64.ActiveCfg = Debug|x64
		{5918ACB3-628D-43DE-9717-7F274A7FC8A3}.Debug|x64.Build.0 = Debug|x64
		{5918ACB3-628D-43DE-9717-7F274A7FC8A3}.Debug|x86.ActiveCfg = Debug|Win32
		{5918ACB3-628D-43DE-9717-7F274A7FC8A3}.Debug|x86.Build.0 = Debug|Win32
		{5918ACB3-628D-43DE-9717-7F274A7FC8A3}.Release|x64.ActiveCfg = Release|x64
		{5918ACB3-628D-43DE-9717-7F274A7FC8A3}.Release|x64.Build.0 = Release|x64
		{5918ACB3-628D-43DE-9717-7F274A7FC8A3}.Release|x86.ActiveCfg = Release|Win32
		{5918ACB3-628D-43DE-9717-7F274A7FC8A3}.Release|x86.Build.0 = Release|Win32
		{1A3D8F8A-FCBB-4876-ACF5-972522B4B7D9}.Debug|x64.ActiveCfg = Debug|x64
		{1A3D8F8A-FCBB-4876-ACF5-972522B4B7D9}.Debug|x64.Build.0 = Debug|x64
		{1A3D8F8A-FCBB-4876-ACF5-972522B4B7D9}.Debug|x86.ActiveCfg = Debug|Win32
		{1A3D8F8A-FCBB-4876-ACF5-972522B4B7D9}.Debug|x86.Build.0 = Debug|Win32
		{1A3D8F8A-FCBB-4876-ACF5-972522B4B7D9}.Release|x64.ActiveCfg = Release|x64
		{1A3D8F8A-FCBB-4876-ACF5-972522B4B7D9}.Release|x64.Build.0 = Release|x64
		{1A3D8F8A-FCBB-4876-ACF5-972522B4B7D9}.Release|x86.ActiveCfg = Release|Win32
		{1A3D8F8A-FCBB-4876-ACF5-972522B4B7D9}.Release|x86.Build.0 = Release|Win32
		{21552BCE-A2D3-43EB-8D9D-0913B3B6DEFF}.Debug|x64.ActiveCfg = Debug|x64
		{21552BCE-A2D3-43EB-8D9D-0913B3B6DEFF}.Debug|x64.Build.0 = Debug|x64
		{21552BCE-A2D3-43EB-8D9D-0913B3B6DEFF}.Debug|x86.ActiveCfg = Debug|Win32
		{21552BCE-A2D3-43EB-8D9D-0913B3B6DEFF}.Debug|x86.Build.0 = Debug|Win32
		{21552BCE-A2D3-43EB-8D9D-0913B3B6DEFF}.Release|x64.ActiveCfg = Release|x64
		{21552BCE-A2D3-43EB-8D9D-0913B3B6DEFF}.Release|x64.Build.0 = Release|x64
		{21552BCE-A2D3-43EB-8D9D-0913B3B6DEFF}.Release|x86.ActiveCfg = Release|Win32
		{21552BCE-A2D3-43EB-8D9D-0913B3B6DEFF}.Release|x86.Build.0 = Release|Win32
		{B6544803-2F87-497E-8B1F-F035E4FF55F9}.Debug|x64.ActiveCfg = Debug|x64
		{B6544803-2F87-497E-8B1F-F035E4FF55F9}.Debug|x64.Build.0 = Debug|x64
		{B6544803-2F87-497E-8B1F-F035E4FF55F9}.Debug|x86.ActiveCfg = Debug|Win32
		{B6544803-2F87-497E-8B1F-F035E4FF55F9}.Debug|x86.Build.0 = Debug|Win32
		{B6544803-2F87-497E-8B1F-F035E4FF55F9}.Release|x64.ActiveCfg = Release|x64
		{B6544803-2F87-497E-8B1F-F035E4FF55F9}.Release|x64.Build.0 = Release|x64
		{B6544803-2F87-497E-8B1F-F035E4FF55F9}.Release|x86.ActiveCfg = Release|Win32
		{B6544803-2F87-497E-8B1F-F035E4FF55F9}.Release|x86.Build.0 = Release|Win32
		{90103216-8BBC-4013-A2DA-0F32EB472153}.Debug|x64.ActiveCfg = Debug|x64
		{90103216-8BBC-4013-A2DA-0F32EB472153}.Debug|x64.Build.0 = Debug|x64
		{90103216-8BBC-4013-A2DA-0F32EB472153}.Debug|x86.ActiveCfg = Debug|Win32
		{90103216-8BBC-4013-A2DA-0F32EB472153}.Debug|x86.Build.0 = Debug|Win32
		{90103216-8BBC-4013-A2DA-0F32EB472153}.Release|x64.ActiveCfg = Release|x64
		{90103216-8BBC-4013-A2DA-0F32EB472153}.Release|x64.Build.0 = Release|x64
		{90103216-8BBC-4013-A2DA-0F32EB472153}.Release|x86.ActiveCfg = Release|Win32
		{90103216-8BBC-4013-A2DA-0F32EB472153}.Release|x86.Build.0 = Release|Win32
		{60FAFBF1-575E-4A43-B113-4BDBAC5AF8E7}.Debug|x64.ActiveCfg = Debug|x64
		{60FAFBF1-575E-4A43-B113-4BDBAC5AF8E7}.Debug|x64.Build.0 = Debug|x64
		{60FAFBF1-575E-4A43-B113-4BDBAC5AF8E7}.Debug|x86.ActiveCfg = Debug|Win32
		{60FAFBF1-575E-4A43-B113-4BDBAC5AF8E7}.Debug|x86.Build.0 = Debug|Win32
		{60FAFBF1-575E-4A43-B113-4BDBAC5AF8E7}.Release|x64.ActiveCfg = Release|x64
		{60FAFBF1-575E-4A43-B113-4BDBAC5AF8E7}.Release|x64.Build.0 = Release|x64
		{60FAFBF1-575E-4A43-B113-4BDBAC5AF8E7}.Release|x86.ActiveCfg = Release|Win32
		{60FAFBF1-575E-4A43-B113-4BDBAC5AF8E7}.Release|x86.Build.0 = Release|Win32
		{1F1C45C3-177A-487F-9344-7183927AFC6E}.Debug|x64.ActiveCfg = Debug|x64
		{1F1C45C3-177A-487F-9344-7183927AFC6E}.Debug|x64.Build.0 = Debug|x64
		{1F1C45C3-177A-487F-9344-7183927AFC6E}.Debug|x86.ActiveCfg = Debug|Win32
		{1F1C45C3-177A-487F-9344-7183927AFC6E}.Debug|x86.Build.0 = Debug|Win32
		{1F1C45C3-177A-487F-9344-7183927AFC6E}.Release|x64.ActiveCfg = Release|x64
		{1F1C45C3-177A-487F-9344-7183927AFC6E}.Release|x64.Build.0 = Release|x64
		{1F1C45C3-177A-487F-9344-7183927AFC6E}.Release|x86.ActiveCfg = Release|Win32
		{1F1C45C3-177A-487F-9344-7183927AFC6E}.Release|x86.Build.0 = Release|Win32
		{B75C4B73-D91D-4FA6-AC27-F5888076ACF5}.Debug|x64.ActiveCfg = Debug|x64
		{B75C4B73-D91D-4FA6-AC27-F5888076ACF5}.Debug|x64.Build.0 = Debug|x64
		{B75C4B73-D91D-4FA6-AC27-F5888076ACF5}.Debug|x86.ActiveCfg = Debug|Win32
		{B75C4B73-D91D-4FA6-AC27-F5888076ACF5}.Debug|x86.Build.0 = Debug|Win32
		{B75C4B73-D91D-4FA6-AC27-F5888076ACF5}.Release|x64.ActiveCfg = Release|x64
		{B75C4B73-D91D-4FA6-AC27-F5888076ACF5}.Release|x64.Build.0 = Release|x64
		{B75C4B73-D91D-4FA6-AC27-F5888076ACF5}.Release|x86.ActiveCfg = Release|Win32
		{B75C4B73-D91D-4FA6-AC27-F5888076ACF5}.Release|x86.Build.0 = Release|Win32
		{F6CAA056-C9DB-4B6E-9AE9-5F760FAC8FAA}.Debug|x64.ActiveCfg = Debug|x64
		{F6CAA056-C9DB-4B6E-9AE9-5F760FAC8FAA}.Debug|x64.Build.0 = Debug|x64
		{F6CAA056-C9DB-4B6E-9AE9-5F760FAC8FAA}.Debug|x86.ActiveCfg = Debug|Win32
		{F6CAA056-C9DB-4B6E-9AE9-5F760FAC8FAA}.Debug|x86.Build.0 = Debug|Win32
		{F6CAA056-C9DB-4B6E-9AE9-5F760FAC8FAA}.Release|x64.ActiveCfg = Release|x64
		{F6CAA056-C9DB-4B6E-9AE9-5F760FAC8FAA}.Release|x64.Build.0 = Release|x64
		{F6CAA056-C9DB-4B6E-9AE9-5F760FAC8FAA}.Release|x86.ActiveCfg = Release|Win32
		{F6CAA056-C9DB-4B6E-9AE9-5F760FAC8FAA}.Release|x86.Build.0 = Release|Win32
		{7B71BD00-2C48-415A-AC1A-56FB7C6A08B7}.Debug|x64.ActiveCfg = Debug|x64
		{7B71BD00-2C48-415A-AC1A-56FB7C6A08B7}.Debug|x64.Build.0 = Debug|x64
		{7B71BD00-2C48-415A-AC1A-56FB7C6A08B7}.Debug|x86.ActiveCfg = Debug|Win32
		{7B71BD00-2C48-415A-AC1A-56FB7C6A08B7}.Debug|x86.Build.0 = Debug|Win32
		{7B71BD00-2C48-415A-AC1A-56FB7C6A08B7}.Release|x64.ActiveCfg = Release|x64
		{7B71BD00-2C48-415A-AC1A-56FB7C6A08B7}.Release|x64.Build.0 = Release|x64
		{7B71BD00-2C48-415A-AC1A-56FB7C6A08B7}.Release|x86.ActiveCfg = Release|Win32
		{7B71BD00-2C48-415A-AC1A-56FB7C6A08B7}.Release|x86.Build.0 = Release|Win32
		{91863AAB-6330-4A39-9EDD-F86F17CD7A3B}.Debug|x64.ActiveCfg = Debug|x64
		{91863AAB-6330-4A39-9EDD-F86F17CD7A3B}.Debug|x64.Build.0 = Debug|x64
		{91863AAB-6330-4A39-9EDD-F86F17CD7A3B}.Debug|x86.ActiveCfg = Debug|Win32
		{91863AAB-6330-4A39-9EDD-F86F17CD7A3B}.Debug|x86.Build.0 = Debug|Win32
		{91863AAB-6330-4A39-9EDD-F86F17CD7A3B}.Release|x64.ActiveCfg = Release|x64
		{91863AAB-6330-4A39-9EDD-F86F17CD7A3B}.Release|x64.Build.0 = Release|x64
		{91863AAB-6330-4A39-9EDD-F86F17CD7A3B}.Release|x86.ActiveCfg = Release|Win32
		{91863AAB-6330-4A39-9EDD-F86F17CD7A3B}.Release|x86.Build.0 = Release|Win32
		{BABFA531-8AE9-45FB-897C-3C9F82AE2A4B}.Debug|x64.ActiveCfg = Debug|x64
		{BABFA531-8AE9-45FB-897C-3C9F82AE2A4B}.Debug|x64.Build.0 = Debug|x64
		{BABFA531-8AE9-45FB-897C-3C9F82AE2A4B}.Debug|x86.ActiveCfg = Debug|Win32
		{BABFA531-8AE9-45FB-897C-3C9F82AE2A4B}.Debug|x86.Build.0 = Debug|Win32
		{BABFA531-8AE9-45FB-897C-3C9F82AE2A4B}.Release|x64.ActiveCfg = Release|x64
		{BABFA531-8AE9-45FB-897C-3C9F82AE2A4B}.Release|x64.Build.0 = Release|x64
		{BABFA531-8AE9-45FB-897C-3C9F82AE2A4B}.Release|x86.ActiveCfg = Release|Win32
		{BABFA531-8AE9-45FB-897C-3C9F82AE2A4B}.Release|x86.Build.0 = Release|Win32
		{45F90F64-A566-406C-BB20-C5E6464C50E5}.Debug|x64.ActiveCfg = Debug|x64
		{45F90F64-A566-406C-BB20-C5E6464C50E5}.Debug|x64.Build.0 = Debug|x64
		{45F90F64-A566-406C-BB20-C5E6464C50E5}.Debug|x86.ActiveCfg = Debug|Win32
		{45F90F64-A566-406C-BB20-C5E6464C50E5}.Debug|x86.Build.0 = Debug|Win32
		{45F90F64-A566-406C-BB20-C5E6464C50E5}.Release|x64.ActiveCfg = Release|x64
		{45F90F64-A566-406C-BB20-C5E6464C50E5}.Release|x64.Build.0 = Release|x64
		{45F90F64-A566-406C-BB20-C5E6464C50E5}.Release|x86.ActiveCfg = Release|Win32
		{45F90F64-A566-406C-BB20-C5E6464C50E5}.Release|x86.Build.0 = Release|Win32
		{1350BBC2-8B87-4A38-8125-CAA3F1C3043B}.Debug|x64.ActiveCfg = Debug|x64
		{1350BBC2-8B87-4A38-8125-CAA3F1C3043B}.Debug|x64.Build.0 = Debug|x64
		{1350BBC2-8B87-4A38-8125-CAA3F1C3043B}.Debug|x86.ActiveCfg = Debug|Win32
		{1350BBC2-8B87-4A38-8125-CAA3F1C3043B}.Debug|x86.Build.0 = Debug|Win32
		{1350BBC2-8B87-4A38-8125-CAA3F1C3043B}.Release|x64.ActiveCfg = Release|x64
		{1350BBC2-8B87-4A38-8125-CAA3F1C3043B}.Release|x64.Build.0 = Release|x64
		{1350BBC2-8B87-4A38-8125-CAA3F1C3043B}.Release|x86.ActiveCfg = Release|Win32
		{1350BBC2-8B87-4A38-8125-CAA3F1C3043B}.Release|x86.Build.0 = Release|Win32
	EndGlobalSection
	GlobalSection(SolutionProperties) = preSolution
		HideSolutionNode = FALSE
	EndGlobalSection
	GlobalSection(ExtensibilityGlobals) = postSolution
		SolutionGuid = {2EEC3568-6D39-42E6-A310-662CA5931732}
	EndGlobalSection
EndGlobal
